
Microsoft Visual Studio Solution File, Format Version 12.00
# Visual Studio 15
VisualStudioVersion = 15.0.26228.9
MinimumVisualStudioVersion = 10.0.40219.1
Project("{FAE04EC0-301F-11D3-BF4B-00C04F79EFBC}") = "ShafiqMVC", "ShafiqMVC\ShafiqMVC.csproj", "{50048BB7-F1A8-40C7-B428-02A4519C905F}"
EndProject
Global
	GlobalSection(SolutionConfigurationPlatforms) = preSolution
		Debug|Any CPU = Debug|Any CPU
		Release|Any CPU = Release|Any CPU
	EndGlobalSection
	GlobalSection(ProjectConfigurationPlatforms) = postSolution
		{50048BB7-F1A8-40C7-B428-02A4519C905F}.Debug|Any CPU.ActiveCfg = Debug|Any CPU
		{50048BB7-F1A8-40C7-B428-02A4519C905F}.Debug|Any CPU.Build.0 = Debug|Any CPU
		{50048BB7-F1A8-40C7-B428-02A4519C905F}.Release|Any CPU.ActiveCfg = Release|Any CPU
		{50048BB7-F1A8-40C7-B428-02A4519C905F}.Release|Any CPU.Build.0 = Release|Any CPU
	EndGlobalSection
	GlobalSection(SolutionProperties) = preSolution
		HideSolutionNode = FALSE
	EndGlobalSection
EndGlobal
